
Microsoft Visual Studio Solution File, Format Version 12.00
# Visual Studio Version 17
VisualStudioVersion = 17.5.33530.505
MinimumVisualStudioVersion = 10.0.40219.1
Project("{FAE04EC0-301F-11D3-BF4B-00C04F79EFBC}") = "Lista-indirizzi", "Lista-indirizzi\Lista-indirizzi.csproj", "{3685899D-F0AB-41F7-95A6-BD0778710613}"
EndProject
Global
	GlobalSection(SolutionConfigurationPlatforms) = preSolution
		Debug|Any CPU = Debug|Any CPU
		Release|Any CPU = Release|Any CPU
	EndGlobalSection
	GlobalSection(ProjectConfigurationPlatforms) = postSolution
		{3685899D-F0AB-41F7-95A6-BD0778710613}.Debug|Any CPU.ActiveCfg = Debug|Any CPU
		{3685899D-F0AB-41F7-95A6-BD0778710613}.Debug|Any CPU.Build.0 = Debug|Any CPU
		{3685899D-F0AB-41F7-95A6-BD0778710613}.Release|Any CPU.ActiveCfg = Release|Any CPU
		{3685899D-F0AB-41F7-95A6-BD0778710613}.Release|Any CPU.Build.0 = Release|Any CPU
	EndGlobalSection
	GlobalSection(SolutionProperties) = preSolution
		HideSolutionNode = FALSE
	EndGlobalSection
	GlobalSection(ExtensibilityGlobals) = postSolution
		SolutionGuid = {2E5F6FFD-3998-429A-82D2-918E0FBE4562}
	EndGlobalSection
EndGlobal
